
Microsoft Visual Studio Solution File, Format Version 12.00
# Visual Studio Version 16
VisualStudioVersion = 16.0.32602.290
MinimumVisualStudioVersion = 10.0.40219.1
Project("{FAE04EC0-301F-11D3-BF4B-00C04F79EFBC}") = "TODEB-HOMEWORK-SECONDWEEK", "TODEB-HOMEWORK-SECONDWEEK.csproj", "{93157D31-04CA-455E-8BF1-F80D0846BCF0}"
EndProject
Global
	GlobalSection(SolutionConfigurationPlatforms) = preSolution
		Debug|Any CPU = Debug|Any CPU
		Release|Any CPU = Release|Any CPU
	EndGlobalSection
	GlobalSection(ProjectConfigurationPlatforms) = postSolution
		{93157D31-04CA-455E-8BF1-F80D0846BCF0}.Debug|Any CPU.ActiveCfg = Debug|Any CPU
		{93157D31-04CA-455E-8BF1-F80D0846BCF0}.Debug|Any CPU.Build.0 = Debug|Any CPU
		{93157D31-04CA-455E-8BF1-F80D0846BCF0}.Release|Any CPU.ActiveCfg = Release|Any CPU
		{93157D31-04CA-455E-8BF1-F80D0846BCF0}.Release|Any CPU.Build.0 = Release|Any CPU
	EndGlobalSection
	GlobalSection(SolutionProperties) = preSolution
		HideSolutionNode = FALSE
	EndGlobalSection
	GlobalSection(ExtensibilityGlobals) = postSolution
		SolutionGuid = {9EEFF969-5B8A-43AF-A0F0-6C0762A3E6FB}
	EndGlobalSection
EndGlobal
